
Microsoft Visual Studio Solution File, Format Version 12.00
# Visual Studio Version 17
VisualStudioVersion = 17.7.34031.279
MinimumVisualStudioVersion = 10.0.40219.1
Project("{FAE04EC0-301F-11D3-BF4B-00C04F79EFBC}") = "TriYgla.io", "TriYgla.io\TriYgla.io.csproj", "{7BC2FB7B-C4E3-46B7-A96F-7128A0E24EAA}"
EndProject
Global
	GlobalSection(SolutionConfigurationPlatforms) = preSolution
		Debug|Any CPU = Debug|Any CPU
		Release|Any CPU = Release|Any CPU
	EndGlobalSection
	GlobalSection(ProjectConfigurationPlatforms) = postSolution
		{7BC2FB7B-C4E3-46B7-A96F-7128A0E24EAA}.Debug|Any CPU.ActiveCfg = Debug|Any CPU
		{7BC2FB7B-C4E3-46B7-A96F-7128A0E24EAA}.Debug|Any CPU.Build.0 = Debug|Any CPU
		{7BC2FB7B-C4E3-46B7-A96F-7128A0E24EAA}.Release|Any CPU.ActiveCfg = Release|Any CPU
		{7BC2FB7B-C4E3-46B7-A96F-7128A0E24EAA}.Release|Any CPU.Build.0 = Release|Any CPU
	EndGlobalSection
	GlobalSection(SolutionProperties) = preSolution
		HideSolutionNode = FALSE
	EndGlobalSection
	GlobalSection(ExtensibilityGlobals) = postSolution
		SolutionGuid = {D83C0034-CE99-445C-B81F-0D020E300387}
	EndGlobalSection
EndGlobal
